
Microsoft Visual Studio Solution File, Format Version 12.00
# Visual Studio Version 17
VisualStudioVersion = 17.2.32630.192
MinimumVisualStudioVersion = 10.0.40219.1
Project("{9A19103F-16F7-4668-BE54-9A1E7A4F7556}") = "WebFundamentals", "WebFundamentals\WebFundamentals.csproj", "{C1B75E18-52B2-4343-8897-10CD9ABE6D3A}"
EndProject
Project("{FAE04EC0-301F-11D3-BF4B-00C04F79EFBC}") = "MyDatabase", "MyDatabase\MyDatabase.csproj", "{64431673-CE2E-4F7D-ADCB-D62E161D2F22}"
EndProject
Global
	GlobalSection(SolutionConfigurationPlatforms) = preSolution
		Debug|Any CPU = Debug|Any CPU
		Release|Any CPU = Release|Any CPU
	EndGlobalSection
	GlobalSection(ProjectConfigurationPlatforms) = postSolution
		{C1B75E18-52B2-4343-8897-10CD9ABE6D3A}.Debug|Any CPU.ActiveCfg = Debug|Any CPU
		{C1B75E18-52B2-4343-8897-10CD9ABE6D3A}.Debug|Any CPU.Build.0 = Debug|Any CPU
		{C1B75E18-52B2-4343-8897-10CD9ABE6D3A}.Release|Any CPU.ActiveCfg = Release|Any CPU
		{C1B75E18-52B2-4343-8897-10CD9ABE6D3A}.Release|Any CPU.Build.0 = Release|Any CPU
		{64431673-CE2E-4F7D-ADCB-D62E161D2F22}.Debug|Any CPU.ActiveCfg = Debug|Any CPU
		{64431673-CE2E-4F7D-ADCB-D62E161D2F22}.Debug|Any CPU.Build.0 = Debug|Any CPU
		{64431673-CE2E-4F7D-ADCB-D62E161D2F22}.Release|Any CPU.ActiveCfg = Release|Any CPU
		{64431673-CE2E-4F7D-ADCB-D62E161D2F22}.Release|Any CPU.Build.0 = Release|Any CPU
	EndGlobalSection
	GlobalSection(SolutionProperties) = preSolution
		HideSolutionNode = FALSE
	EndGlobalSection
	GlobalSection(ExtensibilityGlobals) = postSolution
		SolutionGuid = {EB3208AA-BD21-40D5-817E-6006830BBEF1}
	EndGlobalSection
EndGlobal
